// !$*UTF8*$!
{
	archiveVersion = 1;
	classes = {
	};
	objectVersion = 46;
	objects = {

/* Begin PBXBuildFile section */
		7077D6AE1F434F98008866BE /* AppDelegate.swift in Sources */ = {isa = PBXBuildFile; fileRef = 7077D6AD1F434F98008866BE /* AppDelegate.swift */; };
		7077D6B01F434F98008866BE /* ViewController.swift in Sources */ = {isa = PBXBuildFile; fileRef = 7077D6AF1F434F98008866BE /* ViewController.swift */; };
		7077D6B31F434F98008866BE /* Main.storyboard in Resources */ = {isa = PBXBuildFile; fileRef = 7077D6B11F434F98008866BE /* Main.storyboard */; };
		7077D6B51F434F98008866BE /* Assets.xcassets in Resources */ = {isa = PBXBuildFile; fileRef = 7077D6B41F434F98008866BE /* Assets.xcassets */; };
		7077D6B81F434F98008866BE /* LaunchScreen.storyboard in Resources */ = {isa = PBXBuildFile; fileRef = 7077D6B61F434F98008866BE /* LaunchScreen.storyboard */; };
/* End PBXBuildFile section */

/* Begin PBXFileReference section */
		7077D6AA1F434F98008866BE /* MindReader.app */ = {isa = PBXFileReference; explicitFileType = wrapper.application; includeInIndex = 0; path = MindReader.app; sourceTree = BUILT_PRODUCTS_DIR; };
		7077D6AD1F434F98008866BE /* AppDelegate.swift */ = {isa = PBXFileReference; lastKnownFileType = sourcecode.swift; path = AppDelegate.swift; sourceTree = "<group>"; };
		7077D6AF1F434F98008866BE /* ViewController.swift */ = {isa = PBXFileReference; lastKnownFileType = sourcecode.swift; path = ViewController.swift; sourceTree = "<group>"; };
		7077D6B21F434F98008866BE /* Base */ = {isa = PBXFileReference; lastKnownFileType = file.storyboard; name = Base; path = Base.lproj/Main.storyboard; sourceTree = "<group>"; };
		7077D6B41F434F98008866BE /* Assets.xcassets */ = {isa = PBXFileReference; lastKnownFileType = folder.assetcatalog; path = Assets.xcassets; sourceTree = "<group>"; };
		7077D6B71F434F98008866BE /* Base */ = {isa = PBXFileReference; lastKnownFileType = file.storyboard; name = Base; path = Base.lproj/LaunchScreen.storyboard; sourceTree = "<group>"; };
		7077D6B91F434F98008866BE /* Info.plist */ = {isa = PBXFileReference; lastKnownFileType = text.plist.xml; path = Info.plist; sourceTree = "<group>"; };
/* End PBXFileReference section */

/* Begin PBXFrameworksBuildPhase section */
		7077D6A71F434F98008866BE /* Frameworks */ = {
			isa = PBXFrameworksBuildPhase;
			buildActionMask = 2147483647;
			files = (
			);
			runOnlyForDeploymentPostprocessing = 0;
		};
/* End PBXFrameworksBuildPhase section */

/* Begin PBXGroup section */
		7077D6A11F434F98008866BE = {
			isa = PBXGroup;
			children = (
				7077D6AC1F434F98008866BE /* MindReader */,
				7077D6AB1F434F98008866BE /* Products */,
			);
			sourceTree = "<group>";
		};
		7077D6AB1F434F98008866BE /* Products */ = {
			isa = PBXGroup;
			children = (
				7077D6AA1F434F98008866BE /* MindReader.app */,
			);
			name = Products;
			sourceTree = "<group>";
		};
		7077D6AC1F434F98008866BE /* MindReader */ = {
			isa = PBXGroup;
			children = (
				7077D6AD1F434F98008866BE /* AppDelegate.swift */,
				7077D6AF1F434F98008866BE /* ViewController.swift */,
				7077D6B11F434F98008866BE /* Main.storyboard */,
				7077D6B41F434F98008866BE /* Assets.xcassets */,
				7077D6B61F434F98008866BE /* LaunchScreen.storyboard */,
				7077D6B91F434F98008866BE /* Info.plist */,
			);
			path = MindReader;
			sourceTree = "<group>";
		};
/* End PBXGroup section */

/* Begin PBXNativeTarget section */
		7077D6A91F434F98008866BE /* MindReader */ = {
			isa = PBXNativeTarget;
			buildConfigurationList = 7077D6BC1F434F98008866BE /* Build configuration list for PBXNativeTarget "MindReader" */;
			buildPhases = (
				7077D6A61F434F98008866BE /* Sources */,
				7077D6A71F434F98008866BE /* Frameworks */,
				7077D6A81F434F98008866BE /* Resources */,
			);
			buildRules = (
			);
			dependencies = (
			);
			name = MindReader;
			productName = MindReader;
			productReference = 7077D6AA1F434F98008866BE /* MindReader.app */;
			productType = "com.apple.product-type.application";
		};
/* End PBXNativeTarget section */

/* Begin PBXProject section */
		7077D6A21F434F98008866BE /* Project object */ = {
			isa = PBXProject;
			attributes = {
				LastSwiftUpdateCheck = 0830;
				LastUpgradeCheck = 0830;
				ORGANIZATIONNAME = egoDev;
				TargetAttributes = {
					7077D6A91F434F98008866BE = {
						CreatedOnToolsVersion = 8.3.3;
						DevelopmentTeam = 895Q7MTPTC;
						ProvisioningStyle = Automatic;
					};
				};
			};
			buildConfigurationList = 7077D6A51F434F98008866BE /* Build configuration list for PBXProject "MindReader" */;
			compatibilityVersion = "Xcode 3.2";
			developmentRegion = English;
			hasScannedForEncodings = 0;
			knownRegions = (
				en,
				Base,
			);
			mainGroup = 7077D6A11F434F98008866BE;
			productRefGroup = 7077D6AB1F434F98008866BE /* Products */;
			projectDirPath = "";
			projectRoot = "";
			targets = (
				7077D6A91F434F98008866BE /* MindReader */,
			);
		};
/* End PBXProject section */

/* Begin PBXResourcesBuildPhase section */
		7077D6A81F434F98008866BE /* Resources */ = {
			isa = PBXResourcesBuildPhase;
			buildActionMask = 2147483647;
			files = (
				7077D6B81F434F98008866BE /* LaunchScreen.storyboard in Resources */,
				7077D6B51F434F98008866BE /* Assets.xcassets in Resources */,
				7077D6B31F434F98008866BE /* Main.storyboard in Resources */,
			);
			runOnlyForDeploymentPostprocessing = 0;
		};
/* End PBXResourcesBuildPhase section */

/* Begin PBXSourcesBuildPhase section */
		7077D6A61F434F98008866BE /* Sources */ = {
			isa = PBXSourcesBuildPhase;
			buildActionMask = 2147483647;
			files = (
				7077D6B01F434F98008866BE /* ViewController.swift in Sources */,
				7077D6AE1F434F98008866BE /* AppDelegate.swift in Sources */,
			);
			runOnlyForDeploymentPostprocessing = 0;
		};
/* End PBXSourcesBuildPhase section */

/* Begin PBXVariantGroup section */
		7077D6B11F434F98008866BE /* Main.storyboard */ = {
			isa = PBXVariantGroup;
			children = (
				7077D6B21F434F98008866BE /* Base */,
			);
			name = Main.storyboard;
			sourceTree = "<group>";
		};
		7077D6B61F434F98008866BE /* LaunchScreen.storyboard */ = {
			isa = PBXVariantGroup;
			children = (
				7077D6B71F434F98008866BE /* Base */,
			);
			name = LaunchScreen.storyboard;
			sourceTree = "<group>";
		};
/* End PBXVariantGroup section */

/* Begin XCBuildConfiguration section */
		7077D6BA1F434F98008866BE /* Debug */ = {
			isa = XCBuildConfiguration;
			buildSettings = {
				ALWAYS_SEARCH_USER_PATHS = NO;
				CLANG_ANALYZER_NONNULL = YES;
				CLANG_ANALYZER_NUMBER_OBJECT_CONVERSION = YES_AGGRESSIVE;
				CLANG_CXX_LANGUAGE_STANDARD = "gnu++0x";
				CLANG_CXX_LIBRARY = "libc++";
				CLANG_ENABLE_MODULES = YES;
				CLANG_ENABLE_OBJC_ARC = YES;
				CLANG_WARN_BOOL_CONVERSION = YES;
				CLANG_WARN_CONSTANT_CONVERSION = YES;
				CLANG_WARN_DIRECT_OBJC_ISA_USAGE = YES_ERROR;
				CLANG_WARN_DOCUMENTATION_COMMENTS = YES;
				CLANG_WARN_EMPTY_BODY = YES;
				CLANG_WARN_ENUM_CONVERSION = YES;
				CLANG_WARN_INFINITE_RECURSION = YES;
				CLANG_WARN_INT_CONVERSION = YES;
				CLANG_WARN_OBJC_ROOT_CLASS = YES_ERROR;
				CLANG_WARN_SUSPICIOUS_MOVE = YES;
				CLANG_WARN_UNREACHABLE_CODE = YES;
				CLANG_WARN__DUPLICATE_METHOD_MATCH = YES;
				"CODE_SIGN_IDENTITY[sdk=iphoneos*]" = "iPhone Developer";
				COPY_PHASE_STRIP = NO;
				DEBUG_INFORMATION_FORMAT = dwarf;
				ENABLE_STRICT_OBJC_MSGSEND = YES;
				ENABLE_TESTABILITY = YES;
				GCC_C_LANGUAGE_STANDARD = gnu99;
				GCC_DYNAMIC_NO_PIC = NO;
				GCC_NO_COMMON_BLOCKS = YES;
				GCC_OPTIMIZATION_LEVEL = 0;
				GCC_PREPROCESSOR_DEFINITIONS = (
					"DEBUG=1",
					"$(inherited)",
				);
				GCC_WARN_64_TO_32_BIT_CONVERSION = YES;
				GCC_WARN_ABOUT_RETURN_TYPE = YES_ERROR;
				GCC_WARN_UNDECLARED_SELECTOR = YES;
				GCC_WARN_UNINITIALIZED_AUTOS = YES_AGGRESSIVE;
				GCC_WARN_UNUSED_FUNCTION = YES;
				GCC_WARN_UNUSED_VARIABLE = YES;
				IPHONEOS_DEPLOYMENT_TARGET = 10.3;
				MTL_ENABLE_DEBUG_INFO = YES;
				ONLY_ACTIVE_ARCH = YES;
				SDKROOT = iphoneos;
				SWIFT_ACTIVE_COMPILATION_CONDITIONS = DEBUG;
				SWIFT_OPTIMIZATION_LEVEL = "-Onone";
				TARGETED_DEVICE_FAMILY = "1,2";
			};
			name = Debug;
		};
		7077D6BB1F434F98008866BE /* Release */ = {
			isa = XCBuildConfiguration;
			buildSettings = {
				ALWAYS_SEARCH_USER_PATHS = NO;
				CLANG_ANALYZER_NONNULL = YES;
				CLANG_ANALYZER_NUMBER_OBJECT_CONVERSION = YES_AGGRESSIVE;
				CLANG_CXX_LANGUAGE_STANDARD = "gnu++0x";
				CLANG_CXX_LIBRARY = "libc++";
				CLANG_ENABLE_MODULES = YES;
				CLANG_ENABLE_OBJC_ARC = YES;
				CLANG_WARN_BOOL_CONVERSION = YES;
				CLANG_WARN_CONSTANT_CONVERSION = YES;
				CLANG_WARN_DIRECT_OBJC_ISA_USAGE = YES_ERROR;
				CLANG_WARN_DOCUMENTATION_COMMENTS = YES;
				CLANG_WARN_EMPTY_BODY = YES;
				CLANG_WARN_ENUM_CONVERSION = YES;
				CLANG_WARN_INFINITE_RECURSION = YES;
				CLANG_WARN_INT_CONVERSION = YES;
				CLANG_WARN_OBJC_ROOT_CLASS = YES_ERROR;
				CLANG_WARN_SUSPICIOUS_MOVE = YES;
				CLANG_WARN_UNREACHABLE_CODE = YES;
				CLANG_WARN__DUPLICATE_METHOD_MATCH = YES;
				"CODE_SIGN_IDENTITY[sdk=iphoneos*]" = "iPhone Developer";
				COPY_PHASE_STRIP = NO;
				DEBUG_INFORMATION_FORMAT = "dwarf-with-dsym";
				ENABLE_NS_ASSERTIONS = NO;
				ENABLE_STRICT_OBJC_MSGSEND = YES;
				GCC_C_LANGUAGE_STANDARD = gnu99;
				GCC_NO_COMMON_BLOCKS = YES;
				GCC_WARN_64_TO_32_BIT_CONVERSION = YES;
				GCC_WARN_ABOUT_RETURN_TYPE = YES_ERROR;
				GCC_WARN_UNDECLARED_SELECTOR = YES;
				GCC_WARN_UNINITIALIZED_AUTOS = YES_AGGRESSIVE;
				GCC_WARN_UNUSED_FUNCTION = YES;
				GCC_WARN_UNUSED_VARIABLE = YES;
				IPHONEOS_DEPLOYMENT_TARGET = 10.3;
				MTL_ENABLE_DEBUG_INFO = NO;
				SDKROOT = iphoneos;
				SWIFT_OPTIMIZATION_LEVEL = "-Owholemodule";
				TARGETED_DEVICE_FAMILY = "1,2";
				VALIDATE_PRODUCT = YES;
			};
			name = Release;
		};
		7077D6BD1F434F98008866BE /* Debug */ = {
			isa = XCBuildConfiguration;
			buildSettings = {
				ASSETCATALOG_COMPILER_APPICON_NAME = AppIcon;
				DEVELOPMENT_TEAM = 895Q7MTPTC;
				INFOPLIST_FILE = MindReader/Info.plist;
				LD_RUNPATH_SEARCH_PATHS = "$(inherited) @executable_path/Frameworks";
				PRODUCT_BUNDLE_IDENTIFIER = co.uk.egodev.MindReader;
				PRODUCT_NAME = "$(TARGET_NAME)";
				SWIFT_VERSION = 3.0;
			};
			name = Debug;
		};
		7077D6BE1F434F98008866BE /* Release */ = {
			isa = XCBuildConfiguration;
			buildSettings = {
				ASSETCATALOG_COMPILER_APPICON_NAME = AppIcon;
				DEVELOPMENT_TEAM = 895Q7MTPTC;
				INFOPLIST_FILE = MindReader/Info.plist;
				LD_RUNPATH_SEARCH_PATHS = "$(inherited) @executable_path/Frameworks";
				PRODUCT_BUNDLE_IDENTIFIER = co.uk.egodev.MindReader;
				PRODUCT_NAME = "$(TARGET_NAME)";
				SWIFT_VERSION = 3.0;
			};
			name = Release;
		};
/* End XCBuildConfiguration section */

/* Begin XCConfigurationList section */
		7077D6A51F434F98008866BE /* Build configuration list for PBXProject "MindReader" */ = {
			isa = XCConfigurationList;
			buildConfigurations = (
				7077D6BA1F434F98008866BE /* Debug */,
				7077D6BB1F434F98008866BE /* Release */,
			);
			defaultConfigurationIsVisible = 0;
			defaultConfigurationName = Release;
		};
		7077D6BC1F434F98008866BE /* Build configuration list for PBXNativeTarget "MindReader" */ = {
			isa = XCConfigurationList;
			buildConfigurations = (
				7077D6BD1F434F98008866BE /* Debug */,
				7077D6BE1F434F98008866BE /* Release */,
			);
			defaultConfigurationIsVisible = 0;
		};
/* End XCConfigurationList section */
	};
	rootObject = 7077D6A21F434F98008866BE /* Project object */;
}
